
Microsoft Visual Studio Solution File, Format Version 12.00
# Visual Studio 2012
Project("{FAE04EC0-301F-11D3-BF4B-00C04F79EFBC}") = "Horses", "GraphsWorkshop\Horses.csproj", "{6144EE25-BEC2-4475-AA49-B05225EAD686}"
EndProject
Global
	GlobalSection(SolutionConfigurationPlatforms) = preSolution
		Debug|x86 = Debug|x86
		Release|x86 = Release|x86
	EndGlobalSection
	GlobalSection(ProjectConfigurationPlatforms) = postSolution
		{6144EE25-BEC2-4475-AA49-B05225EAD686}.Debug|x86.ActiveCfg = Debug|x86
		{6144EE25-BEC2-4475-AA49-B05225EAD686}.Debug|x86.Build.0 = Debug|x86
		{6144EE25-BEC2-4475-AA49-B05225EAD686}.Release|x86.ActiveCfg = Release|x86
		{6144EE25-BEC2-4475-AA49-B05225EAD686}.Release|x86.Build.0 = Release|x86
	EndGlobalSection
EndGlobal
