
Microsoft Visual Studio Solution File, Format Version 12.00
# Visual Studio 2012
Project("{FAE04EC0-301F-11D3-BF4B-00C04F79EFBC}") = "04.HelloWorld", "04.HelloWorld\04.HelloWorld.csproj", "{35FC60D3-A64B-41FA-BBFB-04F1453B7B8E}"
EndProject
Global
	GlobalSection(SolutionConfigurationPlatforms) = preSolution
		Debug|x86 = Debug|x86
		Release|x86 = Release|x86
	EndGlobalSection
	GlobalSection(ProjectConfigurationPlatforms) = postSolution
		{35FC60D3-A64B-41FA-BBFB-04F1453B7B8E}.Debug|x86.ActiveCfg = Debug|x86
		{35FC60D3-A64B-41FA-BBFB-04F1453B7B8E}.Debug|x86.Build.0 = Debug|x86
		{35FC60D3-A64B-41FA-BBFB-04F1453B7B8E}.Release|x86.ActiveCfg = Release|x86
		{35FC60D3-A64B-41FA-BBFB-04F1453B7B8E}.Release|x86.Build.0 = Release|x86
	EndGlobalSection
EndGlobal
