
Microsoft Visual Studio Solution File, Format Version 12.00
# Visual Studio 14
VisualStudioVersion = 14.0.25420.1
MinimumVisualStudioVersion = 10.0.40219.1
Project("{FAE04EC0-301F-11D3-BF4B-00C04F79EFBC}") = "02.ExtractCatalog", "02.ExtractCatalog\02.ExtractCatalog.csproj", "{1307F87B-9124-4AB2-8878-78814294D583}"
EndProject
Global
	GlobalSection(SolutionConfigurationPlatforms) = preSolution
		Debug|Any CPU = Debug|Any CPU
		Release|Any CPU = Release|Any CPU
	EndGlobalSection
	GlobalSection(ProjectConfigurationPlatforms) = postSolution
		{1307F87B-9124-4AB2-8878-78814294D583}.Debug|Any CPU.ActiveCfg = Debug|Any CPU
		{1307F87B-9124-4AB2-8878-78814294D583}.Debug|Any CPU.Build.0 = Debug|Any CPU
		{1307F87B-9124-4AB2-8878-78814294D583}.Release|Any CPU.ActiveCfg = Release|Any CPU
		{1307F87B-9124-4AB2-8878-78814294D583}.Release|Any CPU.Build.0 = Release|Any CPU
	EndGlobalSection
	GlobalSection(SolutionProperties) = preSolution
		HideSolutionNode = FALSE
	EndGlobalSection
EndGlobal
