
Microsoft Visual Studio Solution File, Format Version 12.00
# Visual Studio 15
VisualStudioVersion = 15.0.26730.16
MinimumVisualStudioVersion = 10.0.40219.1
Project("{FAE04EC0-301F-11D3-BF4B-00C04F79EFBC}") = "RolandDG", "RolandDG\RolandDG.csproj", "{CFC6A0A0-1550-426C-8CA9-FFE76C6664CF}"
EndProject
Project("{FAE04EC0-301F-11D3-BF4B-00C04F79EFBC}") = "RolandDG.Tests", "RolandDG.Tests\RolandDG.Tests.csproj", "{C0659087-6C2A-4609-999F-C5C96B981050}"
EndProject
Global
	GlobalSection(SolutionConfigurationPlatforms) = preSolution
		Debug|Any CPU = Debug|Any CPU
		Release|Any CPU = Release|Any CPU
	EndGlobalSection
	GlobalSection(ProjectConfigurationPlatforms) = postSolution
		{CFC6A0A0-1550-426C-8CA9-FFE76C6664CF}.Debug|Any CPU.ActiveCfg = Debug|Any CPU
		{CFC6A0A0-1550-426C-8CA9-FFE76C6664CF}.Debug|Any CPU.Build.0 = Debug|Any CPU
		{CFC6A0A0-1550-426C-8CA9-FFE76C6664CF}.Release|Any CPU.ActiveCfg = Release|Any CPU
		{CFC6A0A0-1550-426C-8CA9-FFE76C6664CF}.Release|Any CPU.Build.0 = Release|Any CPU
		{C0659087-6C2A-4609-999F-C5C96B981050}.Debug|Any CPU.ActiveCfg = Debug|Any CPU
		{C0659087-6C2A-4609-999F-C5C96B981050}.Debug|Any CPU.Build.0 = Debug|Any CPU
		{C0659087-6C2A-4609-999F-C5C96B981050}.Release|Any CPU.ActiveCfg = Release|Any CPU
		{C0659087-6C2A-4609-999F-C5C96B981050}.Release|Any CPU.Build.0 = Release|Any CPU
	EndGlobalSection
	GlobalSection(SolutionProperties) = preSolution
		HideSolutionNode = FALSE
	EndGlobalSection
	GlobalSection(ExtensibilityGlobals) = postSolution
		SolutionGuid = {63EAE2CD-5B0E-4F03-AAA2-F705D2449A48}
	EndGlobalSection
EndGlobal
